
Microsoft Visual Studio Solution File, Format Version 12.00
# Visual Studio Version 17
VisualStudioVersion = 17.9.34622.214
MinimumVisualStudioVersion = 10.0.40219.1
Project("{FAE04EC0-301F-11D3-BF4B-00C04F79EFBC}") = "SnapTickets", "SnapTickets\SnapTickets.csproj", "{80BDCD99-8660-4336-97A4-C333EE052633}"
EndProject
Global
	GlobalSection(SolutionConfigurationPlatforms) = preSolution
		Debug|Any CPU = Debug|Any CPU
		Release|Any CPU = Release|Any CPU
	EndGlobalSection
	GlobalSection(ProjectConfigurationPlatforms) = postSolution
		{80BDCD99-8660-4336-97A4-C333EE052633}.Debug|Any CPU.ActiveCfg = Debug|Any CPU
		{80BDCD99-8660-4336-97A4-C333EE052633}.Debug|Any CPU.Build.0 = Debug|Any CPU
		{80BDCD99-8660-4336-97A4-C333EE052633}.Release|Any CPU.ActiveCfg = Release|Any CPU
		{80BDCD99-8660-4336-97A4-C333EE052633}.Release|Any CPU.Build.0 = Release|Any CPU
	EndGlobalSection
	GlobalSection(SolutionProperties) = preSolution
		HideSolutionNode = FALSE
	EndGlobalSection
	GlobalSection(ExtensibilityGlobals) = postSolution
		SolutionGuid = {6A8FF0B6-E154-4D7B-B478-B9CE4A83D92F}
	EndGlobalSection
EndGlobal
